
Microsoft Visual Studio Solution File, Format Version 12.00
Project("{FAE04EC0-301F-11D3-BF4B-00C04F79EFBC}") = "WAD_NguyenCaoHieu", "WAD_NguyenCaoHieu\WAD_NguyenCaoHieu.csproj", "{DE05FB80-F2C1-49B2-9DF9-168C55C4ED08}"
EndProject
Global
	GlobalSection(SolutionConfigurationPlatforms) = preSolution
		Debug|Any CPU = Debug|Any CPU
		Release|Any CPU = Release|Any CPU
	EndGlobalSection
	GlobalSection(ProjectConfigurationPlatforms) = postSolution
		{DE05FB80-F2C1-49B2-9DF9-168C55C4ED08}.Debug|Any CPU.ActiveCfg = Debug|Any CPU
		{DE05FB80-F2C1-49B2-9DF9-168C55C4ED08}.Debug|Any CPU.Build.0 = Debug|Any CPU
		{DE05FB80-F2C1-49B2-9DF9-168C55C4ED08}.Release|Any CPU.ActiveCfg = Release|Any CPU
		{DE05FB80-F2C1-49B2-9DF9-168C55C4ED08}.Release|Any CPU.Build.0 = Release|Any CPU
	EndGlobalSection
EndGlobal
